PODS:
  - AFNetworking (2.6.3):
    - AFNetworking/NSURLConnection (= 2.6.3)
    - AFNetworking/NSURLSession (= 2.6.3)
    - AFNetworking/Reachability (= 2.6.3)
    - AFNetworking/Security (= 2.6.3)
    - AFNetworking/Serialization (= 2.6.3)
    - AFNetworking/UIKit (= 2.6.3)
  - AFNetworking/NSURLConnection (2.6.3):
    - AFNetworking/Reachability
    - AFNetworking/Security
    - AFNetworking/Serialization
  - AFNetworking/NSURLSession (2.6.3):
    - AFNetworking/Reachability
    - AFNetworking/Security
    - AFNetworking/Serialization
  - AFNetworking/Reachability (2.6.3)
  - AFNetworking/Security (2.6.3)
  - AFNetworking/Serialization (2.6.3)
  - AFNetworking/UIKit (2.6.3):
    - AFNetworking/NSURLConnection
    - AFNetworking/NSURLSession
  - GIFColorPicker (0.2.0)
  - GIFTagFlowLayout (0.0.2)

DEPENDENCIES:
  - AFNetworking (~> 2.0)
  - GIFColorPicker (from `~/Documents/Libraries/GIFColorPicker`)
  - GIFTagFlowLayout (from `~/Documents/Libraries/GIFTagFlowLayout`)

EXTERNAL SOURCES:
  GIFColorPicker:
    :path: ~/Documents/Libraries/GIFColorPicker
  GIFTagFlowLayout:
    :path: ~/Documents/Libraries/GIFTagFlowLayout

SPEC CHECKSUMS:
  AFNetworking: cb8d14a848e831097108418f5d49217339d4eb60
  GIFColorPicker: fa79ce71c93970c6fb97eccd39097a8fde533165
  GIFTagFlowLayout: 41fcc433ed29e66217d06d573e359905d4759ab2

COCOAPODS: 0.39.0
